
Microsoft Visual Studio Solution File, Format Version 12.00
# Visual Studio Version 17
VisualStudioVersion = 17.0.31912.275
MinimumVisualStudioVersion = 10.0.40219.1
Project("{9A19103F-16F7-4668-BE54-9A1E7A4F7556}") = "GenDateTools", "GenDateTools\GenDateTools.csproj", "{CA2E7E46-B408-40C1-BA81-729FB28EA428}"
EndProject
Project("{9A19103F-16F7-4668-BE54-9A1E7A4F7556}") = "GenDateTools.Test", "GenDateTools.Test\GenDateTools.Test.csproj", "{F45F87C3-2578-47DB-97EE-65AB31288085}"
	ProjectSection(ProjectDependencies) = postProject
		{CA2E7E46-B408-40C1-BA81-729FB28EA428} = {CA2E7E46-B408-40C1-BA81-729FB28EA428}
	EndProjectSection
EndProject
Project("{2150E333-8FDC-42A3-9474-1A3956D46DE8}") = "Solution Items", "Solution Items", "{E141320A-2E85-408B-901A-8E8E53A31939}"
	ProjectSection(SolutionItems) = preProject
		.editorconfig = .editorconfig
	EndProjectSection
EndProject
Global
	GlobalSection(SolutionConfigurationPlatforms) = preSolution
		Debug|Any CPU = Debug|Any CPU
		Release|Any CPU = Release|Any CPU
	EndGlobalSection
	GlobalSection(ProjectConfigurationPlatforms) = postSolution
		{CA2E7E46-B408-40C1-BA81-729FB28EA428}.Debug|Any CPU.ActiveCfg = Debug|Any CPU
		{CA2E7E46-B408-40C1-BA81-729FB28EA428}.Debug|Any CPU.Build.0 = Debug|Any CPU
		{CA2E7E46-B408-40C1-BA81-729FB28EA428}.Release|Any CPU.ActiveCfg = Release|Any CPU
		{CA2E7E46-B408-40C1-BA81-729FB28EA428}.Release|Any CPU.Build.0 = Release|Any CPU
		{F45F87C3-2578-47DB-97EE-65AB31288085}.Debug|Any CPU.ActiveCfg = Debug|Any CPU
		{F45F87C3-2578-47DB-97EE-65AB31288085}.Debug|Any CPU.Build.0 = Debug|Any CPU
		{F45F87C3-2578-47DB-97EE-65AB31288085}.Release|Any CPU.ActiveCfg = Release|Any CPU
		{F45F87C3-2578-47DB-97EE-65AB31288085}.Release|Any CPU.Build.0 = Release|Any CPU
	EndGlobalSection
	GlobalSection(SolutionProperties) = preSolution
		HideSolutionNode = FALSE
	EndGlobalSection
	GlobalSection(ExtensibilityGlobals) = postSolution
		SolutionGuid = {E4886711-2D53-4159-9977-6003AB07B8C9}
	EndGlobalSection
EndGlobal
