
Microsoft Visual Studio Solution File, Format Version 12.00
# Visual Studio 15
VisualStudioVersion = 15.0.27703.2035
MinimumVisualStudioVersion = 10.0.40219.1
Project("{9A19103F-16F7-4668-BE54-9A1E7A4F7556}") = "GenDate", "GenDate\GenDate.csproj", "{CA2E7E46-B408-40C1-BA81-729FB28EA428}"
EndProject
Project("{FAE04EC0-301F-11D3-BF4B-00C04F79EFBC}") = "GenDate.Test", "GenDate.Test\GenDate.Test.csproj", "{F45F87C3-2578-47DB-97EE-65AB31288085}"
	ProjectSection(ProjectDependencies) = postProject
		{CA2E7E46-B408-40C1-BA81-729FB28EA428} = {CA2E7E46-B408-40C1-BA81-729FB28EA428}
	EndProjectSection
EndProject
Global
	GlobalSection(SolutionConfigurationPlatforms) = preSolution
		Debug|Any CPU = Debug|Any CPU
		Release|Any CPU = Release|Any CPU
	EndGlobalSection
	GlobalSection(ProjectConfigurationPlatforms) = postSolution
		{CA2E7E46-B408-40C1-BA81-729FB28EA428}.Debug|Any CPU.ActiveCfg = Debug|Any CPU
		{CA2E7E46-B408-40C1-BA81-729FB28EA428}.Debug|Any CPU.Build.0 = Debug|Any CPU
		{CA2E7E46-B408-40C1-BA81-729FB28EA428}.Release|Any CPU.ActiveCfg = Release|Any CPU
		{CA2E7E46-B408-40C1-BA81-729FB28EA428}.Release|Any CPU.Build.0 = Release|Any CPU
		{F45F87C3-2578-47DB-97EE-65AB31288085}.Debug|Any CPU.ActiveCfg = Debug|Any CPU
		{F45F87C3-2578-47DB-97EE-65AB31288085}.Debug|Any CPU.Build.0 = Debug|Any CPU
		{F45F87C3-2578-47DB-97EE-65AB31288085}.Release|Any CPU.ActiveCfg = Release|Any CPU
		{F45F87C3-2578-47DB-97EE-65AB31288085}.Release|Any CPU.Build.0 = Release|Any CPU
	EndGlobalSection
	GlobalSection(SolutionProperties) = preSolution
		HideSolutionNode = FALSE
	EndGlobalSection
	GlobalSection(ExtensibilityGlobals) = postSolution
		SolutionGuid = {E4886711-2D53-4159-9977-6003AB07B8C9}
	EndGlobalSection
EndGlobal
